
Microsoft Visual Studio Solution File, Format Version 12.00
Project("{FAE04EC0-301F-11D3-BF4B-00C04F79EFBC}") = "Emby.GitHubRepoPluginInstall", "Emby.GitHubRepoPluginInstall\Emby.GitHubRepoPluginInstall.csproj", "{9D1CBF60-001D-4F24-83B9-32526C5D36D7}"
EndProject
Global
	GlobalSection(SolutionConfigurationPlatforms) = preSolution
		Debug|Any CPU = Debug|Any CPU
		Release|Any CPU = Release|Any CPU
	EndGlobalSection
	GlobalSection(ProjectConfigurationPlatforms) = postSolution
		{9D1CBF60-001D-4F24-83B9-32526C5D36D7}.Debug|Any CPU.ActiveCfg = Debug|Any CPU
		{9D1CBF60-001D-4F24-83B9-32526C5D36D7}.Debug|Any CPU.Build.0 = Debug|Any CPU
		{9D1CBF60-001D-4F24-83B9-32526C5D36D7}.Release|Any CPU.ActiveCfg = Release|Any CPU
		{9D1CBF60-001D-4F24-83B9-32526C5D36D7}.Release|Any CPU.Build.0 = Release|Any CPU
	EndGlobalSection
EndGlobal
